
Microsoft Visual Studio Solution File, Format Version 12.00
# Visual Studio Version 16
VisualStudioVersion = 16.0.32407.337
MinimumVisualStudioVersion = 10.0.40219.1
Project("{FAE04EC0-301F-11D3-BF4B-00C04F79EFBC}") = "CSharp Fundamentals Exercise 7", "CSharp Fundamentals Exercise 7.csproj", "{FBA45B35-B807-4FBA-8613-67EE1EEDF5CE}"
EndProject
Global
	GlobalSection(SolutionConfigurationPlatforms) = preSolution
		Debug|Any CPU = Debug|Any CPU
		Release|Any CPU = Release|Any CPU
	EndGlobalSection
	GlobalSection(ProjectConfigurationPlatforms) = postSolution
		{FBA45B35-B807-4FBA-8613-67EE1EEDF5CE}.Debug|Any CPU.ActiveCfg = Debug|Any CPU
		{FBA45B35-B807-4FBA-8613-67EE1EEDF5CE}.Debug|Any CPU.Build.0 = Debug|Any CPU
		{FBA45B35-B807-4FBA-8613-67EE1EEDF5CE}.Release|Any CPU.ActiveCfg = Release|Any CPU
		{FBA45B35-B807-4FBA-8613-67EE1EEDF5CE}.Release|Any CPU.Build.0 = Release|Any CPU
	EndGlobalSection
	GlobalSection(SolutionProperties) = preSolution
		HideSolutionNode = FALSE
	EndGlobalSection
	GlobalSection(ExtensibilityGlobals) = postSolution
		SolutionGuid = {1327DFA9-6622-438E-A4BF-A8B470CE4831}
	EndGlobalSection
EndGlobal
