
Microsoft Visual Studio Solution File, Format Version 12.00
# Visual Studio Version 16
VisualStudioVersion = 16.0.32407.337
MinimumVisualStudioVersion = 10.0.40219.1
Project("{FAE04EC0-301F-11D3-BF4B-00C04F79EFBC}") = "CSharp Fundamentals Exercise 5", "CSharp Fundamentals Exercise 5.csproj", "{886D9E8D-8157-4A8F-9797-045E953ADE12}"
EndProject
Global
	GlobalSection(SolutionConfigurationPlatforms) = preSolution
		Debug|Any CPU = Debug|Any CPU
		Release|Any CPU = Release|Any CPU
	EndGlobalSection
	GlobalSection(ProjectConfigurationPlatforms) = postSolution
		{886D9E8D-8157-4A8F-9797-045E953ADE12}.Debug|Any CPU.ActiveCfg = Debug|Any CPU
		{886D9E8D-8157-4A8F-9797-045E953ADE12}.Debug|Any CPU.Build.0 = Debug|Any CPU
		{886D9E8D-8157-4A8F-9797-045E953ADE12}.Release|Any CPU.ActiveCfg = Release|Any CPU
		{886D9E8D-8157-4A8F-9797-045E953ADE12}.Release|Any CPU.Build.0 = Release|Any CPU
	EndGlobalSection
	GlobalSection(SolutionProperties) = preSolution
		HideSolutionNode = FALSE
	EndGlobalSection
	GlobalSection(ExtensibilityGlobals) = postSolution
		SolutionGuid = {8C60D1BF-D496-4A12-BDA4-A5C74AA5ED11}
	EndGlobalSection
EndGlobal
